
Microsoft Visual Studio Solution File, Format Version 12.00
# Visual Studio Version 17
VisualStudioVersion = 17.7.34031.279
MinimumVisualStudioVersion = 10.0.40219.1
Project("{FAE04EC0-301F-11D3-BF4B-00C04F79EFBC}") = "E94106012_practice5-1", "E94106012_practice5-1\E94106012_practice5-1.csproj", "{4A329E80-3571-4040-965B-1ADDFFF54EC8}"
EndProject
Global
	GlobalSection(SolutionConfigurationPlatforms) = preSolution
		Debug|Any CPU = Debug|Any CPU
		Release|Any CPU = Release|Any CPU
	EndGlobalSection
	GlobalSection(ProjectConfigurationPlatforms) = postSolution
		{4A329E80-3571-4040-965B-1ADDFFF54EC8}.Debug|Any CPU.ActiveCfg = Debug|Any CPU
		{4A329E80-3571-4040-965B-1ADDFFF54EC8}.Debug|Any CPU.Build.0 = Debug|Any CPU
		{4A329E80-3571-4040-965B-1ADDFFF54EC8}.Release|Any CPU.ActiveCfg = Release|Any CPU
		{4A329E80-3571-4040-965B-1ADDFFF54EC8}.Release|Any CPU.Build.0 = Release|Any CPU
	EndGlobalSection
	GlobalSection(SolutionProperties) = preSolution
		HideSolutionNode = FALSE
	EndGlobalSection
	GlobalSection(ExtensibilityGlobals) = postSolution
		SolutionGuid = {F8A9E69A-C8F0-4ED7-8C33-9BF2173F8F3A}
	EndGlobalSection
EndGlobal
